// !$*UTF8*$!
{
	archiveVersion = 1;
	classes = {
	};
	objectVersion = 50;
	objects = {

/* Begin PBXBuildFile section */
		E7E30F95247C9E4500E54F9A /* AppDelegate.swift in Sources */ = {isa = PBXBuildFile; fileRef = E7E30F94247C9E4500E54F9A /* AppDelegate.swift */; };
		E7E30F97247C9E4500E54F9A /* SceneDelegate.swift in Sources */ = {isa = PBXBuildFile; fileRef = E7E30F96247C9E4500E54F9A /* SceneDelegate.swift */; };
		E7E30F99247C9E4500E54F9A /* ViewController.swift in Sources */ = {isa = PBXBuildFile; fileRef = E7E30F98247C9E4500E54F9A /* ViewController.swift */; };
		E7E30F9C247C9E4500E54F9A /* Main.storyboard in Resources */ = {isa = PBXBuildFile; fileRef = E7E30F9A247C9E4500E54F9A /* Main.storyboard */; };
		E7E30F9E247C9E4700E54F9A /* Assets.xcassets in Resources */ = {isa = PBXBuildFile; fileRef = E7E30F9D247C9E4700E54F9A /* Assets.xcassets */; };
		E7E30FA1247C9E4700E54F9A /* LaunchScreen.storyboard in Resources */ = {isa = PBXBuildFile; fileRef = E7E30F9F247C9E4700E54F9A /* LaunchScreen.storyboard */; };
		E7E30FA9247D04A200E54F9A /* BoardView.swift in Sources */ = {isa = PBXBuildFile; fileRef = E7E30FA8247D04A200E54F9A /* BoardView.swift */; };
/* End PBXBuildFile section */

/* Begin PBXFileReference section */
		E7E30F91247C9E4500E54F9A /* ChessApp.app */ = {isa = PBXFileReference; explicitFileType = wrapper.application; includeInIndex = 0; path = ChessApp.app; sourceTree = BUILT_PRODUCTS_DIR; };
		E7E30F94247C9E4500E54F9A /* AppDelegate.swift */ = {isa = PBXFileReference; lastKnownFileType = sourcecode.swift; path = AppDelegate.swift; sourceTree = "<group>"; };
		E7E30F96247C9E4500E54F9A /* SceneDelegate.swift */ = {isa = PBXFileReference; lastKnownFileType = sourcecode.swift; path = SceneDelegate.swift; sourceTree = "<group>"; };
		E7E30F98247C9E4500E54F9A /* ViewController.swift */ = {isa = PBXFileReference; lastKnownFileType = sourcecode.swift; path = ViewController.swift; sourceTree = "<group>"; };
		E7E30F9B247C9E4500E54F9A /* Base */ = {isa = PBXFileReference; lastKnownFileType = file.storyboard; name = Base; path = Base.lproj/Main.storyboard; sourceTree = "<group>"; };
		E7E30F9D247C9E4700E54F9A /* Assets.xcassets */ = {isa = PBXFileReference; lastKnownFileType = folder.assetcatalog; path = Assets.xcassets; sourceTree = "<group>"; };
		E7E30FA0247C9E4700E54F9A /* Base */ = {isa = PBXFileReference; lastKnownFileType = file.storyboard; name = Base; path = Base.lproj/LaunchScreen.storyboard; sourceTree = "<group>"; };
		E7E30FA2247C9E4700E54F9A /* Info.plist */ = {isa = PBXFileReference; lastKnownFileType = text.plist.xml; path = Info.plist; sourceTree = "<group>"; };
		E7E30FA8247D04A200E54F9A /* BoardView.swift */ = {isa = PBXFileReference; lastKnownFileType = sourcecode.swift; path = BoardView.swift; sourceTree = "<group>"; };
/* End PBXFileReference section */

/* Begin PBXFrameworksBuildPhase section */
		E7E30F8E247C9E4500E54F9A /* Frameworks */ = {
			isa = PBXFrameworksBuildPhase;
			buildActionMask = 2147483647;
			files = (
			);
			runOnlyForDeploymentPostprocessing = 0;
		};
/* End PBXFrameworksBuildPhase section */

/* Begin PBXGroup section */
		E7E30F88247C9E4500E54F9A = {
			isa = PBXGroup;
			children = (
				E7E30F93247C9E4500E54F9A /* ChessApp */,
				E7E30F92247C9E4500E54F9A /* Products */,
			);
			sourceTree = "<group>";
		};
		E7E30F92247C9E4500E54F9A /* Products */ = {
			isa = PBXGroup;
			children = (
				E7E30F91247C9E4500E54F9A /* ChessApp.app */,
			);
			name = Products;
			sourceTree = "<group>";
		};
		E7E30F93247C9E4500E54F9A /* ChessApp */ = {
			isa = PBXGroup;
			children = (
				E7E30F94247C9E4500E54F9A /* AppDelegate.swift */,
				E7E30F96247C9E4500E54F9A /* SceneDelegate.swift */,
				E7E30F98247C9E4500E54F9A /* ViewController.swift */,
				E7E30F9A247C9E4500E54F9A /* Main.storyboard */,
				E7E30F9D247C9E4700E54F9A /* Assets.xcassets */,
				E7E30F9F247C9E4700E54F9A /* LaunchScreen.storyboard */,
				E7E30FA2247C9E4700E54F9A /* Info.plist */,
				E7E30FA8247D04A200E54F9A /* BoardView.swift */,
			);
			path = ChessApp;
			sourceTree = "<group>";
		};
/* End PBXGroup section */

/* Begin PBXNativeTarget section */
		E7E30F90247C9E4500E54F9A /* ChessApp */ = {
			isa = PBXNativeTarget;
			buildConfigurationList = E7E30FA5247C9E4700E54F9A /* Build configuration list for PBXNativeTarget "ChessApp" */;
			buildPhases = (
				E7E30F8D247C9E4500E54F9A /* Sources */,
				E7E30F8E247C9E4500E54F9A /* Frameworks */,
				E7E30F8F247C9E4500E54F9A /* Resources */,
			);
			buildRules = (
			);
			dependencies = (
			);
			name = ChessApp;
			productName = ChessApp;
			productReference = E7E30F91247C9E4500E54F9A /* ChessApp.app */;
			productType = "com.apple.product-type.application";
		};
/* End PBXNativeTarget section */

/* Begin PBXProject section */
		E7E30F89247C9E4500E54F9A /* Project object */ = {
			isa = PBXProject;
			attributes = {
				LastSwiftUpdateCheck = 1140;
				LastUpgradeCheck = 1140;
				ORGANIZATIONNAME = "Mihir Salunke";
				TargetAttributes = {
					E7E30F90247C9E4500E54F9A = {
						CreatedOnToolsVersion = 11.4.1;
					};
				};
			};
			buildConfigurationList = E7E30F8C247C9E4500E54F9A /* Build configuration list for PBXProject "ChessApp" */;
			compatibilityVersion = "Xcode 9.3";
			developmentRegion = en;
			hasScannedForEncodings = 0;
			knownRegions = (
				en,
				Base,
			);
			mainGroup = E7E30F88247C9E4500E54F9A;
			productRefGroup = E7E30F92247C9E4500E54F9A /* Products */;
			projectDirPath = "";
			projectRoot = "";
			targets = (
				E7E30F90247C9E4500E54F9A /* ChessApp */,
			);
		};
/* End PBXProject section */

/* Begin PBXResourcesBuildPhase section */
		E7E30F8F247C9E4500E54F9A /* Resources */ = {
			isa = PBXResourcesBuildPhase;
			buildActionMask = 2147483647;
			files = (
				E7E30FA1247C9E4700E54F9A /* LaunchScreen.storyboard in Resources */,
				E7E30F9E247C9E4700E54F9A /* Assets.xcassets in Resources */,
				E7E30F9C247C9E4500E54F9A /* Main.storyboard in Resources */,
			);
			runOnlyForDeploymentPostprocessing = 0;
		};
/* End PBXResourcesBuildPhase section */

/* Begin PBXSourcesBuildPhase section */
		E7E30F8D247C9E4500E54F9A /* Sources */ = {
			isa = PBXSourcesBuildPhase;
			buildActionMask = 2147483647;
			files = (
				E7E30F99247C9E4500E54F9A /* ViewController.swift in Sources */,
				E7E30FA9247D04A200E54F9A /* BoardView.swift in Sources */,
				E7E30F95247C9E4500E54F9A /* AppDelegate.swift in Sources */,
				E7E30F97247C9E4500E54F9A /* SceneDelegate.swift in Sources */,
			);
			runOnlyForDeploymentPostprocessing = 0;
		};
/* End PBXSourcesBuildPhase section */

/* Begin PBXVariantGroup section */
		E7E30F9A247C9E4500E54F9A /* Main.storyboard */ = {
			isa = PBXVariantGroup;
			children = (
				E7E30F9B247C9E4500E54F9A /* Base */,
			);
			name = Main.storyboard;
			sourceTree = "<group>";
		};
		E7E30F9F247C9E4700E54F9A /* LaunchScreen.storyboard */ = {
			isa = PBXVariantGroup;
			children = (
				E7E30FA0247C9E4700E54F9A /* Base */,
			);
			name = LaunchScreen.storyboard;
			sourceTree = "<group>";
		};
/* End PBXVariantGroup section */

/* Begin XCBuildConfiguration section */
		E7E30FA3247C9E4700E54F9A /* Debug */ = {
			isa = XCBuildConfiguration;
			buildSettings = {
				ALWAYS_SEARCH_USER_PATHS = NO;
				CLANG_ANALYZER_NONNULL = YES;
				CLANG_ANALYZER_NUMBER_OBJECT_CONVERSION = YES_AGGRESSIVE;
				CLANG_CXX_LANGUAGE_STANDARD = "gnu++14";
				CLANG_CXX_LIBRARY = "libc++";
				CLANG_ENABLE_MODULES = YES;
				CLANG_ENABLE_OBJC_ARC = YES;
				CLANG_ENABLE_OBJC_WEAK = YES;
				CLANG_WARN_BLOCK_CAPTURE_AUTORELEASING = YES;
				CLANG_WARN_BOOL_CONVERSION = YES;
				CLANG_WARN_COMMA = YES;
				CLANG_WARN_CONSTANT_CONVERSION = YES;
				CLANG_WARN_DEPRECATED_OBJC_IMPLEMENTATIONS = YES;
				CLANG_WARN_DIRECT_OBJC_ISA_USAGE = YES_ERROR;
				CLANG_WARN_DOCUMENTATION_COMMENTS = YES;
				CLANG_WARN_EMPTY_BODY = YES;
				CLANG_WARN_ENUM_CONVERSION = YES;
				CLANG_WARN_INFINITE_RECURSION = YES;
				CLANG_WARN_INT_CONVERSION = YES;
				CLANG_WARN_NON_LITERAL_NULL_CONVERSION = YES;
				CLANG_WARN_OBJC_IMPLICIT_RETAIN_SELF = YES;
				CLANG_WARN_OBJC_LITERAL_CONVERSION = YES;
				CLANG_WARN_OBJC_ROOT_CLASS = YES_ERROR;
				CLANG_WARN_RANGE_LOOP_ANALYSIS = YES;
				CLANG_WARN_STRICT_PROTOTYPES = YES;
				CLANG_WARN_SUSPICIOUS_MOVE = YES;
				CLANG_WARN_UNGUARDED_AVAILABILITY = YES_AGGRESSIVE;
				CLANG_WARN_UNREACHABLE_CODE = YES;
				CLANG_WARN__DUPLICATE_METHOD_MATCH = YES;
				COPY_PHASE_STRIP = NO;
				DEBUG_INFORMATION_FORMAT = dwarf;
				ENABLE_STRICT_OBJC_MSGSEND = YES;
				ENABLE_TESTABILITY = YES;
				GCC_C_LANGUAGE_STANDARD = gnu11;
				GCC_DYNAMIC_NO_PIC = NO;
				GCC_NO_COMMON_BLOCKS = YES;
				GCC_OPTIMIZATION_LEVEL = 0;
				GCC_PREPROCESSOR_DEFINITIONS = (
					"DEBUG=1",
					"$(inherited)",
				);
				GCC_WARN_64_TO_32_BIT_CONVERSION = YES;
				GCC_WARN_ABOUT_RETURN_TYPE = YES_ERROR;
				GCC_WARN_UNDECLARED_SELECTOR = YES;
				GCC_WARN_UNINITIALIZED_AUTOS = YES_AGGRESSIVE;
				GCC_WARN_UNUSED_FUNCTION = YES;
				GCC_WARN_UNUSED_VARIABLE = YES;
				IPHONEOS_DEPLOYMENT_TARGET = 13.4;
				MTL_ENABLE_DEBUG_INFO = INCLUDE_SOURCE;
				MTL_FAST_MATH = YES;
				ONLY_ACTIVE_ARCH = YES;
				SDKROOT = iphoneos;
				SWIFT_ACTIVE_COMPILATION_CONDITIONS = DEBUG;
				SWIFT_OPTIMIZATION_LEVEL = "-Onone";
			};
			name = Debug;
		};
		E7E30FA4247C9E4700E54F9A /* Release */ = {
			isa = XCBuildConfiguration;
			buildSettings = {
				ALWAYS_SEARCH_USER_PATHS = NO;
				CLANG_ANALYZER_NONNULL = YES;
				CLANG_ANALYZER_NUMBER_OBJECT_CONVERSION = YES_AGGRESSIVE;
				CLANG_CXX_LANGUAGE_STANDARD = "gnu++14";
				CLANG_CXX_LIBRARY = "libc++";
				CLANG_ENABLE_MODULES = YES;
				CLANG_ENABLE_OBJC_ARC = YES;
				CLANG_ENABLE_OBJC_WEAK = YES;
				CLANG_WARN_BLOCK_CAPTURE_AUTORELEASING = YES;
				CLANG_WARN_BOOL_CONVERSION = YES;
				CLANG_WARN_COMMA = YES;
				CLANG_WARN_CONSTANT_CONVERSION = YES;
				CLANG_WARN_DEPRECATED_OBJC_IMPLEMENTATIONS = YES;
				CLANG_WARN_DIRECT_OBJC_ISA_USAGE = YES_ERROR;
				CLANG_WARN_DOCUMENTATION_COMMENTS = YES;
				CLANG_WARN_EMPTY_BODY = YES;
				CLANG_WARN_ENUM_CONVERSION = YES;
				CLANG_WARN_INFINITE_RECURSION = YES;
				CLANG_WARN_INT_CONVERSION = YES;
				CLANG_WARN_NON_LITERAL_NULL_CONVERSION = YES;
				CLANG_WARN_OBJC_IMPLICIT_RETAIN_SELF = YES;
				CLANG_WARN_OBJC_LITERAL_CONVERSION = YES;
				CLANG_WARN_OBJC_ROOT_CLASS = YES_ERROR;
				CLANG_WARN_RANGE_LOOP_ANALYSIS = YES;
				CLANG_WARN_STRICT_PROTOTYPES = YES;
				CLANG_WARN_SUSPICIOUS_MOVE = YES;
				CLANG_WARN_UNGUARDED_AVAILABILITY = YES_AGGRESSIVE;
				CLANG_WARN_UNREACHABLE_CODE = YES;
				CLANG_WARN__DUPLICATE_METHOD_MATCH = YES;
				COPY_PHASE_STRIP = NO;
				DEBUG_INFORMATION_FORMAT = "dwarf-with-dsym";
				ENABLE_NS_ASSERTIONS = NO;
				ENABLE_STRICT_OBJC_MSGSEND = YES;
				GCC_C_LANGUAGE_STANDARD = gnu11;
				GCC_NO_COMMON_BLOCKS = YES;
				GCC_WARN_64_TO_32_BIT_CONVERSION = YES;
				GCC_WARN_ABOUT_RETURN_TYPE = YES_ERROR;
				GCC_WARN_UNDECLARED_SELECTOR = YES;
				GCC_WARN_UNINITIALIZED_AUTOS = YES_AGGRESSIVE;
				GCC_WARN_UNUSED_FUNCTION = YES;
				GCC_WARN_UNUSED_VARIABLE = YES;
				IPHONEOS_DEPLOYMENT_TARGET = 13.4;
				MTL_ENABLE_DEBUG_INFO = NO;
				MTL_FAST_MATH = YES;
				SDKROOT = iphoneos;
				SWIFT_COMPILATION_MODE = wholemodule;
				SWIFT_OPTIMIZATION_LEVEL = "-O";
				VALIDATE_PRODUCT = YES;
			};
			name = Release;
		};
		E7E30FA6247C9E4700E54F9A /* Debug */ = {
			isa = XCBuildConfiguration;
			buildSettings = {
				ASSETCATALOG_COMPILER_APPICON_NAME = AppIcon;
				CODE_SIGN_STYLE = Automatic;
				INFOPLIST_FILE = ChessApp/Info.plist;
				LD_RUNPATH_SEARCH_PATHS = (
					"$(inherited)",
					"@executable_path/Frameworks",
				);
				PRODUCT_BUNDLE_IDENTIFIER = com.chess.ChessApp;
				PRODUCT_NAME = "$(TARGET_NAME)";
				SWIFT_VERSION = 5.0;
				TARGETED_DEVICE_FAMILY = "1,2";
			};
			name = Debug;
		};
		E7E30FA7247C9E4700E54F9A /* Release */ = {
			isa = XCBuildConfiguration;
			buildSettings = {
				ASSETCATALOG_COMPILER_APPICON_NAME = AppIcon;
				CODE_SIGN_STYLE = Automatic;
				INFOPLIST_FILE = ChessApp/Info.plist;
				LD_RUNPATH_SEARCH_PATHS = (
					"$(inherited)",
					"@executable_path/Frameworks",
				);
				PRODUCT_BUNDLE_IDENTIFIER = com.chess.ChessApp;
				PRODUCT_NAME = "$(TARGET_NAME)";
				SWIFT_VERSION = 5.0;
				TARGETED_DEVICE_FAMILY = "1,2";
			};
			name = Release;
		};
/* End XCBuildConfiguration section */

/* Begin XCConfigurationList section */
		E7E30F8C247C9E4500E54F9A /* Build configuration list for PBXProject "ChessApp" */ = {
			isa = XCConfigurationList;
			buildConfigurations = (
				E7E30FA3247C9E4700E54F9A /* Debug */,
				E7E30FA4247C9E4700E54F9A /* Release */,
			);
			defaultConfigurationIsVisible = 0;
			defaultConfigurationName = Release;
		};
		E7E30FA5247C9E4700E54F9A /* Build configuration list for PBXNativeTarget "ChessApp" */ = {
			isa = XCConfigurationList;
			buildConfigurations = (
				E7E30FA6247C9E4700E54F9A /* Debug */,
				E7E30FA7247C9E4700E54F9A /* Release */,
			);
			defaultConfigurationIsVisible = 0;
			defaultConfigurationName = Release;
		};
/* End XCConfigurationList section */
	};
	rootObject = E7E30F89247C9E4500E54F9A /* Project object */;
}
